
Microsoft Visual Studio Solution File, Format Version 12.00
# Visual Studio Version 17
VisualStudioVersion = 17.14.36616.10 d17.14
MinimumVisualStudioVersion = 10.0.40219.1
Project("{FAE04EC0-301F-11D3-BF4B-00C04F79EFBC}") = "Razredi", "Razredi.csproj", "{1CD84570-FEE9-4231-94CE-6FDFFE9FD627}"
EndProject
Global
	GlobalSection(SolutionConfigurationPlatforms) = preSolution
		Debug|Any CPU = Debug|Any CPU
		Release|Any CPU = Release|Any CPU
	EndGlobalSection
	GlobalSection(ProjectConfigurationPlatforms) = postSolution
		{1CD84570-FEE9-4231-94CE-6FDFFE9FD627}.Debug|Any CPU.ActiveCfg = Debug|Any CPU
		{1CD84570-FEE9-4231-94CE-6FDFFE9FD627}.Debug|Any CPU.Build.0 = Debug|Any CPU
		{1CD84570-FEE9-4231-94CE-6FDFFE9FD627}.Release|Any CPU.ActiveCfg = Release|Any CPU
		{1CD84570-FEE9-4231-94CE-6FDFFE9FD627}.Release|Any CPU.Build.0 = Release|Any CPU
	EndGlobalSection
	GlobalSection(SolutionProperties) = preSolution
		HideSolutionNode = FALSE
	EndGlobalSection
	GlobalSection(ExtensibilityGlobals) = postSolution
		SolutionGuid = {5A5A2E3D-33AA-4401-B723-8DC1B4E2F706}
	EndGlobalSection
EndGlobal
