
Microsoft Visual Studio Solution File, Format Version 12.00
# Visual Studio Version 17
VisualStudioVersion = 17.14.36616.10 d17.14
MinimumVisualStudioVersion = 10.0.40219.1
Project("{FAE04EC0-301F-11D3-BF4B-00C04F79EFBC}") = "Tabele", "Tabele.csproj", "{5676C953-5DF6-42EB-9EDD-852DA9363A91}"
EndProject
Global
	GlobalSection(SolutionConfigurationPlatforms) = preSolution
		Debug|Any CPU = Debug|Any CPU
		Release|Any CPU = Release|Any CPU
	EndGlobalSection
	GlobalSection(ProjectConfigurationPlatforms) = postSolution
		{5676C953-5DF6-42EB-9EDD-852DA9363A91}.Debug|Any CPU.ActiveCfg = Debug|Any CPU
		{5676C953-5DF6-42EB-9EDD-852DA9363A91}.Debug|Any CPU.Build.0 = Debug|Any CPU
		{5676C953-5DF6-42EB-9EDD-852DA9363A91}.Release|Any CPU.ActiveCfg = Release|Any CPU
		{5676C953-5DF6-42EB-9EDD-852DA9363A91}.Release|Any CPU.Build.0 = Release|Any CPU
	EndGlobalSection
	GlobalSection(SolutionProperties) = preSolution
		HideSolutionNode = FALSE
	EndGlobalSection
	GlobalSection(ExtensibilityGlobals) = postSolution
		SolutionGuid = {66AF3671-4E44-4822-B39F-A361E48493BC}
	EndGlobalSection
EndGlobal
