
Microsoft Visual Studio Solution File, Format Version 12.00
# Visual Studio Version 17
VisualStudioVersion = 17.14.36616.10 d17.14
MinimumVisualStudioVersion = 10.0.40219.1
Project("{FAE04EC0-301F-11D3-BF4B-00C04F79EFBC}") = "Dedovanje", "Dedovanje.csproj", "{7C81760F-9B3A-4D9B-88FC-4A7709FAB885}"
EndProject
Global
	GlobalSection(SolutionConfigurationPlatforms) = preSolution
		Debug|Any CPU = Debug|Any CPU
		Release|Any CPU = Release|Any CPU
	EndGlobalSection
	GlobalSection(ProjectConfigurationPlatforms) = postSolution
		{7C81760F-9B3A-4D9B-88FC-4A7709FAB885}.Debug|Any CPU.ActiveCfg = Debug|Any CPU
		{7C81760F-9B3A-4D9B-88FC-4A7709FAB885}.Debug|Any CPU.Build.0 = Debug|Any CPU
		{7C81760F-9B3A-4D9B-88FC-4A7709FAB885}.Release|Any CPU.ActiveCfg = Release|Any CPU
		{7C81760F-9B3A-4D9B-88FC-4A7709FAB885}.Release|Any CPU.Build.0 = Release|Any CPU
	EndGlobalSection
	GlobalSection(SolutionProperties) = preSolution
		HideSolutionNode = FALSE
	EndGlobalSection
	GlobalSection(ExtensibilityGlobals) = postSolution
		SolutionGuid = {26EE33E9-92B3-428D-AB93-47FD0C39F1FE}
	EndGlobalSection
EndGlobal
