
Microsoft Visual Studio Solution File, Format Version 12.00
# Visual Studio Version 17
VisualStudioVersion = 17.14.36616.10 d17.14
MinimumVisualStudioVersion = 10.0.40219.1
Project("{FAE04EC0-301F-11D3-BF4B-00C04F79EFBC}") = "Okna", "Okna.csproj", "{95A06801-A53E-4A3B-8A2B-68E1673EB27E}"
EndProject
Global
	GlobalSection(SolutionConfigurationPlatforms) = preSolution
		Debug|Any CPU = Debug|Any CPU
		Release|Any CPU = Release|Any CPU
	EndGlobalSection
	GlobalSection(ProjectConfigurationPlatforms) = postSolution
		{95A06801-A53E-4A3B-8A2B-68E1673EB27E}.Debug|Any CPU.ActiveCfg = Debug|Any CPU
		{95A06801-A53E-4A3B-8A2B-68E1673EB27E}.Debug|Any CPU.Build.0 = Debug|Any CPU
		{95A06801-A53E-4A3B-8A2B-68E1673EB27E}.Release|Any CPU.ActiveCfg = Release|Any CPU
		{95A06801-A53E-4A3B-8A2B-68E1673EB27E}.Release|Any CPU.Build.0 = Release|Any CPU
	EndGlobalSection
	GlobalSection(SolutionProperties) = preSolution
		HideSolutionNode = FALSE
	EndGlobalSection
	GlobalSection(ExtensibilityGlobals) = postSolution
		SolutionGuid = {E58874ED-8C5E-4F35-A52A-E8926A61CA50}
	EndGlobalSection
EndGlobal
